// !$*UTF8*$!
{
	archiveVersion = 1;
	classes = {
	};
	objectVersion = 50;
	objects = {

/* Begin PBXBuildFile section */
		AE090B3F1CD56929F293CAAF /* Pods_eyeDoor.framework in Frameworks */ = {isa = PBXBuildFile; fileRef = 47159F2A7BB464270291E891 /* Pods_eyeDoor.framework */; };
		FF5CE0A1221C565000DFA386 /* StartViewController.swift in Sources */ = {isa = PBXBuildFile; fileRef = FF5CE0A0221C565000DFA386 /* StartViewController.swift */; };
		FF5CE0A3221C5A4400DFA386 /* LoginViewController.swift in Sources */ = {isa = PBXBuildFile; fileRef = FF5CE0A2221C5A4400DFA386 /* LoginViewController.swift */; };
		FF5CE0A5221C5D4100DFA386 /* SignUpViewController.swift in Sources */ = {isa = PBXBuildFile; fileRef = FF5CE0A4221C5D4100DFA386 /* SignUpViewController.swift */; };
		FF5CE0A7221C907900DFA386 /* QueryService.swift in Sources */ = {isa = PBXBuildFile; fileRef = FF5CE0A6221C907900DFA386 /* QueryService.swift */; };
		FF74124F2202546000826CF7 /* AppDelegate.swift in Sources */ = {isa = PBXBuildFile; fileRef = FF74124E2202546000826CF7 /* AppDelegate.swift */; };
		FF7412542202546000826CF7 /* Main.storyboard in Resources */ = {isa = PBXBuildFile; fileRef = FF7412522202546000826CF7 /* Main.storyboard */; };
		FF7412562202546200826CF7 /* Assets.xcassets in Resources */ = {isa = PBXBuildFile; fileRef = FF7412552202546200826CF7 /* Assets.xcassets */; };
		FF7412592202546200826CF7 /* LaunchScreen.storyboard in Resources */ = {isa = PBXBuildFile; fileRef = FF7412572202546200826CF7 /* LaunchScreen.storyboard */; };
		FFAA2B292202592F0020AA7D /* MenuViewController.swift in Sources */ = {isa = PBXBuildFile; fileRef = FFAA2B282202592F0020AA7D /* MenuViewController.swift */; };
		FFAA2B2B22025E200020AA7D /* Gradient.swift in Sources */ = {isa = PBXBuildFile; fileRef = FFAA2B2A22025E200020AA7D /* Gradient.swift */; };
		FFAA2B2D2203AB5A0020AA7D /* HomeViewController.swift in Sources */ = {isa = PBXBuildFile; fileRef = FFAA2B2C2203AB5A0020AA7D /* HomeViewController.swift */; };
		FFAA2B2F2203DDB20020AA7D /* AccountViewController.swift in Sources */ = {isa = PBXBuildFile; fileRef = FFAA2B2E2203DDB20020AA7D /* AccountViewController.swift */; };
		FFFCFFB42234AB7F004E94A5 /* MyPeopleViewController.swift in Sources */ = {isa = PBXBuildFile; fileRef = FFFCFFB32234AB7F004E94A5 /* MyPeopleViewController.swift */; };
		FFFCFFB62234AD67004E94A5 /* UIImageView.swift in Sources */ = {isa = PBXBuildFile; fileRef = FFFCFFB52234AD67004E94A5 /* UIImageView.swift */; };
		FFFCFFB8223FDC0E004E94A5 /* UIButton.swift in Sources */ = {isa = PBXBuildFile; fileRef = FFFCFFB7223FDC0E004E94A5 /* UIButton.swift */; };
		FFFCFFBA223FDCAC004E94A5 /* Person.swift in Sources */ = {isa = PBXBuildFile; fileRef = FFFCFFB9223FDCAC004E94A5 /* Person.swift */; };
		FFFCFFBC223FE079004E94A5 /* NewPersonViewController.swift in Sources */ = {isa = PBXBuildFile; fileRef = FFFCFFBB223FE079004E94A5 /* NewPersonViewController.swift */; };
		FFFCFFBE223FE0D5004E94A5 /* ImagePicker.swift in Sources */ = {isa = PBXBuildFile; fileRef = FFFCFFBD223FE0D5004E94A5 /* ImagePicker.swift */; };
/* End PBXBuildFile section */

/* Begin PBXFileReference section */
		4601B442C2F996E74F1CB4A5 /* Pods-eyeDoor.release.xcconfig */ = {isa = PBXFileReference; includeInIndex = 1; lastKnownFileType = text.xcconfig; name = "Pods-eyeDoor.release.xcconfig"; path = "Pods/Target Support Files/Pods-eyeDoor/Pods-eyeDoor.release.xcconfig"; sourceTree = "<group>"; };
		47159F2A7BB464270291E891 /* Pods_eyeDoor.framework */ = {isa = PBXFileReference; explicitFileType = wrapper.framework; includeInIndex = 0; path = Pods_eyeDoor.framework; sourceTree = BUILT_PRODUCTS_DIR; };
		F5FF22A72F7FA2BBD835B7D3 /* Pods-eyeDoor.debug.xcconfig */ = {isa = PBXFileReference; includeInIndex = 1; lastKnownFileType = text.xcconfig; name = "Pods-eyeDoor.debug.xcconfig"; path = "Pods/Target Support Files/Pods-eyeDoor/Pods-eyeDoor.debug.xcconfig"; sourceTree = "<group>"; };
		FF5CE0A0221C565000DFA386 /* StartViewController.swift */ = {isa = PBXFileReference; lastKnownFileType = sourcecode.swift; path = StartViewController.swift; sourceTree = "<group>"; };
		FF5CE0A2221C5A4400DFA386 /* LoginViewController.swift */ = {isa = PBXFileReference; lastKnownFileType = sourcecode.swift; path = LoginViewController.swift; sourceTree = "<group>"; };
		FF5CE0A4221C5D4100DFA386 /* SignUpViewController.swift */ = {isa = PBXFileReference; lastKnownFileType = sourcecode.swift; path = SignUpViewController.swift; sourceTree = "<group>"; };
		FF5CE0A6221C907900DFA386 /* QueryService.swift */ = {isa = PBXFileReference; lastKnownFileType = sourcecode.swift; path = QueryService.swift; sourceTree = "<group>"; };
		FF74124B2202546000826CF7 /* eyeDoor.app */ = {isa = PBXFileReference; explicitFileType = wrapper.application; includeInIndex = 0; path = eyeDoor.app; sourceTree = BUILT_PRODUCTS_DIR; };
		FF74124E2202546000826CF7 /* AppDelegate.swift */ = {isa = PBXFileReference; lastKnownFileType = sourcecode.swift; path = AppDelegate.swift; sourceTree = "<group>"; };
		FF7412532202546000826CF7 /* Base */ = {isa = PBXFileReference; lastKnownFileType = file.storyboard; name = Base; path = Base.lproj/Main.storyboard; sourceTree = "<group>"; };
		FF7412552202546200826CF7 /* Assets.xcassets */ = {isa = PBXFileReference; lastKnownFileType = folder.assetcatalog; path = Assets.xcassets; sourceTree = "<group>"; };
		FF7412582202546200826CF7 /* Base */ = {isa = PBXFileReference; lastKnownFileType = file.storyboard; name = Base; path = Base.lproj/LaunchScreen.storyboard; sourceTree = "<group>"; };
		FF74125A2202546200826CF7 /* Info.plist */ = {isa = PBXFileReference; lastKnownFileType = text.plist.xml; path = Info.plist; sourceTree = "<group>"; };
		FFAA2B282202592F0020AA7D /* MenuViewController.swift */ = {isa = PBXFileReference; lastKnownFileType = sourcecode.swift; path = MenuViewController.swift; sourceTree = "<group>"; };
		FFAA2B2A22025E200020AA7D /* Gradient.swift */ = {isa = PBXFileReference; lastKnownFileType = sourcecode.swift; path = Gradient.swift; sourceTree = "<group>"; };
		FFAA2B2C2203AB5A0020AA7D /* HomeViewController.swift */ = {isa = PBXFileReference; lastKnownFileType = sourcecode.swift; path = HomeViewController.swift; sourceTree = "<group>"; };
		FFAA2B2E2203DDB20020AA7D /* AccountViewController.swift */ = {isa = PBXFileReference; lastKnownFileType = sourcecode.swift; path = AccountViewController.swift; sourceTree = "<group>"; };
		FFFCFFB32234AB7F004E94A5 /* MyPeopleViewController.swift */ = {isa = PBXFileReference; lastKnownFileType = sourcecode.swift; path = MyPeopleViewController.swift; sourceTree = "<group>"; };
		FFFCFFB52234AD67004E94A5 /* UIImageView.swift */ = {isa = PBXFileReference; lastKnownFileType = sourcecode.swift; path = UIImageView.swift; sourceTree = "<group>"; };
		FFFCFFB7223FDC0E004E94A5 /* UIButton.swift */ = {isa = PBXFileReference; lastKnownFileType = sourcecode.swift; path = UIButton.swift; sourceTree = "<group>"; };
		FFFCFFB9223FDCAC004E94A5 /* Person.swift */ = {isa = PBXFileReference; lastKnownFileType = sourcecode.swift; path = Person.swift; sourceTree = "<group>"; };
		FFFCFFBB223FE079004E94A5 /* NewPersonViewController.swift */ = {isa = PBXFileReference; lastKnownFileType = sourcecode.swift; path = NewPersonViewController.swift; sourceTree = "<group>"; };
		FFFCFFBD223FE0D5004E94A5 /* ImagePicker.swift */ = {isa = PBXFileReference; lastKnownFileType = sourcecode.swift; path = ImagePicker.swift; sourceTree = "<group>"; };
/* End PBXFileReference section */

/* Begin PBXFrameworksBuildPhase section */
		FF7412482202546000826CF7 /* Frameworks */ = {
			isa = PBXFrameworksBuildPhase;
			buildActionMask = 2147483647;
			files = (
				AE090B3F1CD56929F293CAAF /* Pods_eyeDoor.framework in Frameworks */,
			);
			runOnlyForDeploymentPostprocessing = 0;
		};
/* End PBXFrameworksBuildPhase section */

/* Begin PBXGroup section */
		0D5406DEB98167477677F363 /* Pods */ = {
			isa = PBXGroup;
			children = (
				F5FF22A72F7FA2BBD835B7D3 /* Pods-eyeDoor.debug.xcconfig */,
				4601B442C2F996E74F1CB4A5 /* Pods-eyeDoor.release.xcconfig */,
			);
			name = Pods;
			sourceTree = "<group>";
		};
		1B06D02D1F97362EFB270AB3 /* Frameworks */ = {
			isa = PBXGroup;
			children = (
				47159F2A7BB464270291E891 /* Pods_eyeDoor.framework */,
			);
			name = Frameworks;
			sourceTree = "<group>";
		};
		FF7412422202546000826CF7 = {
			isa = PBXGroup;
			children = (
				FF74124D2202546000826CF7 /* eyeDoor */,
				FF74124C2202546000826CF7 /* Products */,
				0D5406DEB98167477677F363 /* Pods */,
				1B06D02D1F97362EFB270AB3 /* Frameworks */,
			);
			sourceTree = "<group>";
		};
		FF74124C2202546000826CF7 /* Products */ = {
			isa = PBXGroup;
			children = (
				FF74124B2202546000826CF7 /* eyeDoor.app */,
			);
			name = Products;
			sourceTree = "<group>";
		};
		FF74124D2202546000826CF7 /* eyeDoor */ = {
			isa = PBXGroup;
			children = (
				FF74124E2202546000826CF7 /* AppDelegate.swift */,
				FF7412522202546000826CF7 /* Main.storyboard */,
				FF7412552202546200826CF7 /* Assets.xcassets */,
				FF7412572202546200826CF7 /* LaunchScreen.storyboard */,
				FF74125A2202546200826CF7 /* Info.plist */,
				FFAA2B282202592F0020AA7D /* MenuViewController.swift */,
				FFAA2B2A22025E200020AA7D /* Gradient.swift */,
				FFAA2B2C2203AB5A0020AA7D /* HomeViewController.swift */,
				FFAA2B2E2203DDB20020AA7D /* AccountViewController.swift */,
				FF5CE0A0221C565000DFA386 /* StartViewController.swift */,
				FF5CE0A2221C5A4400DFA386 /* LoginViewController.swift */,
				FF5CE0A4221C5D4100DFA386 /* SignUpViewController.swift */,
				FF5CE0A6221C907900DFA386 /* QueryService.swift */,
				FFFCFFB32234AB7F004E94A5 /* MyPeopleViewController.swift */,
				FFFCFFB52234AD67004E94A5 /* UIImageView.swift */,
				FFFCFFB7223FDC0E004E94A5 /* UIButton.swift */,
				FFFCFFB9223FDCAC004E94A5 /* Person.swift */,
				FFFCFFBB223FE079004E94A5 /* NewPersonViewController.swift */,
				FFFCFFBD223FE0D5004E94A5 /* ImagePicker.swift */,
			);
			path = eyeDoor;
			sourceTree = "<group>";
		};
/* End PBXGroup section */

/* Begin PBXNativeTarget section */
		FF74124A2202546000826CF7 /* eyeDoor */ = {
			isa = PBXNativeTarget;
			buildConfigurationList = FF74125D2202546200826CF7 /* Build configuration list for PBXNativeTarget "eyeDoor" */;
			buildPhases = (
				867A13EB79A38C77F861EFC0 /* [CP] Check Pods Manifest.lock */,
				FF7412472202546000826CF7 /* Sources */,
				FF7412482202546000826CF7 /* Frameworks */,
				FF7412492202546000826CF7 /* Resources */,
				75CD3BC625C2483B4AD60457 /* [CP] Embed Pods Frameworks */,
			);
			buildRules = (
			);
			dependencies = (
			);
			name = eyeDoor;
			productName = eyeDoor;
			productReference = FF74124B2202546000826CF7 /* eyeDoor.app */;
			productType = "com.apple.product-type.application";
		};
/* End PBXNativeTarget section */

/* Begin PBXProject section */
		FF7412432202546000826CF7 /* Project object */ = {
			isa = PBXProject;
			attributes = {
				KnownAssetTags = (
					2,
				);
				LastSwiftUpdateCheck = 1010;
				LastUpgradeCheck = 1010;
				ORGANIZATIONNAME = "Nathan Schlechte";
				TargetAttributes = {
					FF74124A2202546000826CF7 = {
						CreatedOnToolsVersion = 10.1;
					};
				};
			};
			buildConfigurationList = FF7412462202546000826CF7 /* Build configuration list for PBXProject "eyeDoor" */;
			compatibilityVersion = "Xcode 9.3";
			developmentRegion = en;
			hasScannedForEncodings = 0;
			knownRegions = (
				en,
				Base,
			);
			mainGroup = FF7412422202546000826CF7;
			productRefGroup = FF74124C2202546000826CF7 /* Products */;
			projectDirPath = "";
			projectRoot = "";
			targets = (
				FF74124A2202546000826CF7 /* eyeDoor */,
			);
		};
/* End PBXProject section */

/* Begin PBXResourcesBuildPhase section */
		FF7412492202546000826CF7 /* Resources */ = {
			isa = PBXResourcesBuildPhase;
			buildActionMask = 2147483647;
			files = (
				FF7412592202546200826CF7 /* LaunchScreen.storyboard in Resources */,
				FF7412562202546200826CF7 /* Assets.xcassets in Resources */,
				FF7412542202546000826CF7 /* Main.storyboard in Resources */,
			);
			runOnlyForDeploymentPostprocessing = 0;
		};
/* End PBXResourcesBuildPhase section */

/* Begin PBXShellScriptBuildPhase section */
		75CD3BC625C2483B4AD60457 /* [CP] Embed Pods Frameworks */ = {
			isa = PBXShellScriptBuildPhase;
			buildActionMask = 2147483647;
			files = (
			);
			inputFileListPaths = (
			);
			inputPaths = (
				"${SRCROOT}/Pods/Target Support Files/Pods-eyeDoor/Pods-eyeDoor-frameworks.sh",
				"${BUILT_PRODUCTS_DIR}/SideMenu/SideMenu.framework",
			);
			name = "[CP] Embed Pods Frameworks";
			outputFileListPaths = (
			);
			outputPaths = (
				"${TARGET_BUILD_DIR}/${FRAMEWORKS_FOLDER_PATH}/SideMenu.framework",
			);
			runOnlyForDeploymentPostprocessing = 0;
			shellPath = /bin/sh;
			shellScript = "\"${SRCROOT}/Pods/Target Support Files/Pods-eyeDoor/Pods-eyeDoor-frameworks.sh\"\n";
			showEnvVarsInLog = 0;
		};
		867A13EB79A38C77F861EFC0 /* [CP] Check Pods Manifest.lock */ = {
			isa = PBXShellScriptBuildPhase;
			buildActionMask = 2147483647;
			files = (
			);
			inputFileListPaths = (
			);
			inputPaths = (
				"${PODS_PODFILE_DIR_PATH}/Podfile.lock",
				"${PODS_ROOT}/Manifest.lock",
			);
			name = "[CP] Check Pods Manifest.lock";
			outputFileListPaths = (
			);
			outputPaths = (
				"$(DERIVED_FILE_DIR)/Pods-eyeDoor-checkManifestLockResult.txt",
			);
			runOnlyForDeploymentPostprocessing = 0;
			shellPath = /bin/sh;
			shellScript = "diff \"${PODS_PODFILE_DIR_PATH}/Podfile.lock\" \"${PODS_ROOT}/Manifest.lock\" > /dev/null\nif [ $? != 0 ] ; then\n    # print error to STDERR\n    echo \"error: The sandbox is not in sync with the Podfile.lock. Run 'pod install' or update your CocoaPods installation.\" >&2\n    exit 1\nfi\n# This output is used by Xcode 'outputs' to avoid re-running this script phase.\necho \"SUCCESS\" > \"${SCRIPT_OUTPUT_FILE_0}\"\n";
			showEnvVarsInLog = 0;
		};
/* End PBXShellScriptBuildPhase section */

/* Begin PBXSourcesBuildPhase section */
		FF7412472202546000826CF7 /* Sources */ = {
			isa = PBXSourcesBuildPhase;
			buildActionMask = 2147483647;
			files = (
				FF5CE0A3221C5A4400DFA386 /* LoginViewController.swift in Sources */,
				FFAA2B292202592F0020AA7D /* MenuViewController.swift in Sources */,
				FF5CE0A5221C5D4100DFA386 /* SignUpViewController.swift in Sources */,
				FFAA2B2F2203DDB20020AA7D /* AccountViewController.swift in Sources */,
				FF5CE0A7221C907900DFA386 /* QueryService.swift in Sources */,
				FFFCFFB42234AB7F004E94A5 /* MyPeopleViewController.swift in Sources */,
				FFFCFFB62234AD67004E94A5 /* UIImageView.swift in Sources */,
				FF74124F2202546000826CF7 /* AppDelegate.swift in Sources */,
				FFAA2B2B22025E200020AA7D /* Gradient.swift in Sources */,
				FFAA2B2D2203AB5A0020AA7D /* HomeViewController.swift in Sources */,
				FFFCFFBC223FE079004E94A5 /* NewPersonViewController.swift in Sources */,
				FFFCFFBA223FDCAC004E94A5 /* Person.swift in Sources */,
				FFFCFFBE223FE0D5004E94A5 /* ImagePicker.swift in Sources */,
				FF5CE0A1221C565000DFA386 /* StartViewController.swift in Sources */,
				FFFCFFB8223FDC0E004E94A5 /* UIButton.swift in Sources */,
			);
			runOnlyForDeploymentPostprocessing = 0;
		};
/* End PBXSourcesBuildPhase section */

/* Begin PBXVariantGroup section */
		FF7412522202546000826CF7 /* Main.storyboard */ = {
			isa = PBXVariantGroup;
			children = (
				FF7412532202546000826CF7 /* Base */,
			);
			name = Main.storyboard;
			sourceTree = "<group>";
		};
		FF7412572202546200826CF7 /* LaunchScreen.storyboard */ = {
			isa = PBXVariantGroup;
			children = (
				FF7412582202546200826CF7 /* Base */,
			);
			name = LaunchScreen.storyboard;
			sourceTree = "<group>";
		};
/* End PBXVariantGroup section */

/* Begin XCBuildConfiguration section */
		FF74125B2202546200826CF7 /* Debug */ = {
			isa = XCBuildConfiguration;
			buildSettings = {
				ALWAYS_SEARCH_USER_PATHS = NO;
				CLANG_ANALYZER_NONNULL = YES;
				CLANG_ANALYZER_NUMBER_OBJECT_CONVERSION = YES_AGGRESSIVE;
				CLANG_CXX_LANGUAGE_STANDARD = "gnu++14";
				CLANG_CXX_LIBRARY = "libc++";
				CLANG_ENABLE_MODULES = YES;
				CLANG_ENABLE_OBJC_ARC = YES;
				CLANG_ENABLE_OBJC_WEAK = YES;
				CLANG_WARN_BLOCK_CAPTURE_AUTORELEASING = YES;
				CLANG_WARN_BOOL_CONVERSION = YES;
				CLANG_WARN_COMMA = YES;
				CLANG_WARN_CONSTANT_CONVERSION = YES;
				CLANG_WARN_DEPRECATED_OBJC_IMPLEMENTATIONS = YES;
				CLANG_WARN_DIRECT_OBJC_ISA_USAGE = YES_ERROR;
				CLANG_WARN_DOCUMENTATION_COMMENTS = YES;
				CLANG_WARN_EMPTY_BODY = YES;
				CLANG_WARN_ENUM_CONVERSION = YES;
				CLANG_WARN_INFINITE_RECURSION = YES;
				CLANG_WARN_INT_CONVERSION = YES;
				CLANG_WARN_NON_LITERAL_NULL_CONVERSION = YES;
				CLANG_WARN_OBJC_IMPLICIT_RETAIN_SELF = YES;
				CLANG_WARN_OBJC_LITERAL_CONVERSION = YES;
				CLANG_WARN_OBJC_ROOT_CLASS = YES_ERROR;
				CLANG_WARN_RANGE_LOOP_ANALYSIS = YES;
				CLANG_WARN_STRICT_PROTOTYPES = YES;
				CLANG_WARN_SUSPICIOUS_MOVE = YES;
				CLANG_WARN_UNGUARDED_AVAILABILITY = YES_AGGRESSIVE;
				CLANG_WARN_UNREACHABLE_CODE = YES;
				CLANG_WARN__DUPLICATE_METHOD_MATCH = YES;
				CODE_SIGN_IDENTITY = "iPhone Developer";
				COPY_PHASE_STRIP = NO;
				DEBUG_INFORMATION_FORMAT = dwarf;
				ENABLE_STRICT_OBJC_MSGSEND = YES;
				ENABLE_TESTABILITY = YES;
				GCC_C_LANGUAGE_STANDARD = gnu11;
				GCC_DYNAMIC_NO_PIC = NO;
				GCC_NO_COMMON_BLOCKS = YES;
				GCC_OPTIMIZATION_LEVEL = 0;
				GCC_PREPROCESSOR_DEFINITIONS = (
					"DEBUG=1",
					"$(inherited)",
				);
				GCC_WARN_64_TO_32_BIT_CONVERSION = YES;
				GCC_WARN_ABOUT_RETURN_TYPE = YES_ERROR;
				GCC_WARN_UNDECLARED_SELECTOR = YES;
				GCC_WARN_UNINITIALIZED_AUTOS = YES_AGGRESSIVE;
				GCC_WARN_UNUSED_FUNCTION = YES;
				GCC_WARN_UNUSED_VARIABLE = YES;
				IPHONEOS_DEPLOYMENT_TARGET = 12.1;
				MTL_ENABLE_DEBUG_INFO = INCLUDE_SOURCE;
				MTL_FAST_MATH = YES;
				ONLY_ACTIVE_ARCH = YES;
				SDKROOT = iphoneos;
				SWIFT_ACTIVE_COMPILATION_CONDITIONS = DEBUG;
				SWIFT_OPTIMIZATION_LEVEL = "-Onone";
			};
			name = Debug;
		};
		FF74125C2202546200826CF7 /* Release */ = {
			isa = XCBuildConfiguration;
			buildSettings = {
				ALWAYS_SEARCH_USER_PATHS = NO;
				CLANG_ANALYZER_NONNULL = YES;
				CLANG_ANALYZER_NUMBER_OBJECT_CONVERSION = YES_AGGRESSIVE;
				CLANG_CXX_LANGUAGE_STANDARD = "gnu++14";
				CLANG_CXX_LIBRARY = "libc++";
				CLANG_ENABLE_MODULES = YES;
				CLANG_ENABLE_OBJC_ARC = YES;
				CLANG_ENABLE_OBJC_WEAK = YES;
				CLANG_WARN_BLOCK_CAPTURE_AUTORELEASING = YES;
				CLANG_WARN_BOOL_CONVERSION = YES;
				CLANG_WARN_COMMA = YES;
				CLANG_WARN_CONSTANT_CONVERSION = YES;
				CLANG_WARN_DEPRECATED_OBJC_IMPLEMENTATIONS = YES;
				CLANG_WARN_DIRECT_OBJC_ISA_USAGE = YES_ERROR;
				CLANG_WARN_DOCUMENTATION_COMMENTS = YES;
				CLANG_WARN_EMPTY_BODY = YES;
				CLANG_WARN_ENUM_CONVERSION = YES;
				CLANG_WARN_INFINITE_RECURSION = YES;
				CLANG_WARN_INT_CONVERSION = YES;
				CLANG_WARN_NON_LITERAL_NULL_CONVERSION = YES;
				CLANG_WARN_OBJC_IMPLICIT_RETAIN_SELF = YES;
				CLANG_WARN_OBJC_LITERAL_CONVERSION = YES;
				CLANG_WARN_OBJC_ROOT_CLASS = YES_ERROR;
				CLANG_WARN_RANGE_LOOP_ANALYSIS = YES;
				CLANG_WARN_STRICT_PROTOTYPES = YES;
				CLANG_WARN_SUSPICIOUS_MOVE = YES;
				CLANG_WARN_UNGUARDED_AVAILABILITY = YES_AGGRESSIVE;
				CLANG_WARN_UNREACHABLE_CODE = YES;
				CLANG_WARN__DUPLICATE_METHOD_MATCH = YES;
				CODE_SIGN_IDENTITY = "iPhone Developer";
				COPY_PHASE_STRIP = NO;
				DEBUG_INFORMATION_FORMAT = "dwarf-with-dsym";
				ENABLE_NS_ASSERTIONS = NO;
				ENABLE_STRICT_OBJC_MSGSEND = YES;
				GCC_C_LANGUAGE_STANDARD = gnu11;
				GCC_NO_COMMON_BLOCKS = YES;
				GCC_WARN_64_TO_32_BIT_CONVERSION = YES;
				GCC_WARN_ABOUT_RETURN_TYPE = YES_ERROR;
				GCC_WARN_UNDECLARED_SELECTOR = YES;
				GCC_WARN_UNINITIALIZED_AUTOS = YES_AGGRESSIVE;
				GCC_WARN_UNUSED_FUNCTION = YES;
				GCC_WARN_UNUSED_VARIABLE = YES;
				IPHONEOS_DEPLOYMENT_TARGET = 12.1;
				MTL_ENABLE_DEBUG_INFO = NO;
				MTL_FAST_MATH = YES;
				SDKROOT = iphoneos;
				SWIFT_COMPILATION_MODE = wholemodule;
				SWIFT_OPTIMIZATION_LEVEL = "-O";
				VALIDATE_PRODUCT = YES;
			};
			name = Release;
		};
		FF74125E2202546200826CF7 /* Debug */ = {
			isa = XCBuildConfiguration;
			baseConfigurationReference = F5FF22A72F7FA2BBD835B7D3 /* Pods-eyeDoor.debug.xcconfig */;
			buildSettings = {
				ASSETCATALOG_COMPILER_APPICON_NAME = AppIcon;
				CODE_SIGN_STYLE = Automatic;
				DEVELOPMENT_TEAM = AEMX3T6C2M;
				INFOPLIST_FILE = eyeDoor/Info.plist;
				LD_RUNPATH_SEARCH_PATHS = (
					"$(inherited)",
					"@executable_path/Frameworks",
				);
				PRODUCT_BUNDLE_IDENTIFIER = com.NathanSchlechte.eyeDoor;
				PRODUCT_NAME = "$(TARGET_NAME)";
				SWIFT_VERSION = 4.2;
				TARGETED_DEVICE_FAMILY = "1,2";
			};
			name = Debug;
		};
		FF74125F2202546200826CF7 /* Release */ = {
			isa = XCBuildConfiguration;
			baseConfigurationReference = 4601B442C2F996E74F1CB4A5 /* Pods-eyeDoor.release.xcconfig */;
			buildSettings = {
				ASSETCATALOG_COMPILER_APPICON_NAME = AppIcon;
				CODE_SIGN_STYLE = Automatic;
				DEVELOPMENT_TEAM = AEMX3T6C2M;
				INFOPLIST_FILE = eyeDoor/Info.plist;
				LD_RUNPATH_SEARCH_PATHS = (
					"$(inherited)",
					"@executable_path/Frameworks",
				);
				PRODUCT_BUNDLE_IDENTIFIER = com.NathanSchlechte.eyeDoor;
				PRODUCT_NAME = "$(TARGET_NAME)";
				SWIFT_VERSION = 4.2;
				TARGETED_DEVICE_FAMILY = "1,2";
			};
			name = Release;
		};
/* End XCBuildConfiguration section */

/* Begin XCConfigurationList section */
		FF7412462202546000826CF7 /* Build configuration list for PBXProject "eyeDoor" */ = {
			isa = XCConfigurationList;
			buildConfigurations = (
				FF74125B2202546200826CF7 /* Debug */,
				FF74125C2202546200826CF7 /* Release */,
			);
			defaultConfigurationIsVisible = 0;
			defaultConfigurationName = Release;
		};
		FF74125D2202546200826CF7 /* Build configuration list for PBXNativeTarget "eyeDoor" */ = {
			isa = XCConfigurationList;
			buildConfigurations = (
				FF74125E2202546200826CF7 /* Debug */,
				FF74125F2202546200826CF7 /* Release */,
			);
			defaultConfigurationIsVisible = 0;
			defaultConfigurationName = Release;
		};
/* End XCConfigurationList section */
	};
	rootObject = FF7412432202546000826CF7 /* Project object */;
}
